{
  "version": 4,
  "terraform_version": "1.6.5",
  "serial": 49,
  "lineage": "c8ec4641-2e99-e132-06d5-b42c45c4eac9",
  "outputs": {},
  "resources": [
    {
      "module": "module.networking",
      "mode": "managed",
      "type": "azurerm_resource_group",
      "name": "networking",
      "provider": "provider[\"registry.terraform.io/hashicorp/azurerm\"]",
      "instances": [
        {
          "schema_version": 0,
          "attributes": {
            "id": "/subscriptions/944f7b7e-9196-4da8-a4c0-3193ca3cb502/resourceGroups/networkingproject_resource_group",
            "location": "uksouth",
            "name": "networkingproject_resource_group",
            "tags": {},
            "timeouts": null
          },
          "sensitive_attributes": [],
          "private": "eyJlMmJmYjczMC1lY2FhLTExZTYtOGY4OC0zNDM2M2JjN2M0YzAiOnsiY3JlYXRlIjo1NDAwMDAwMDAwMDAwLCJkZWxldGUiOjU0MDAwMDAwMDAwMDAsInJlYWQiOjMwMDAwMDAwMDAwMCwidXBkYXRlIjo1NDAwMDAwMDAwMDAwfX0="
        }
      ]
    }
  ],
  "check_results": null
}
